// !$*UTF8*$!
{
	archiveVersion = 1;
	classes = {
	};
	objectVersion = 48;
	objects = {

/* Begin PBXBuildFile section */
		DD77CDC3206A90E0006C07E4 /* AppDelegate.swift in Sources */ = {isa = PBXBuildFile; fileRef = DD77CDC2206A90E0006C07E4 /* AppDelegate.swift */; };
		DD77CDC5206A90E0006C07E4 /* ViewController.swift in Sources */ = {isa = PBXBuildFile; fileRef = DD77CDC4206A90E0006C07E4 /* ViewController.swift */; };
		DD77CDC8206A90E0006C07E4 /* Main.storyboard in Resources */ = {isa = PBXBuildFile; fileRef = DD77CDC6206A90E0006C07E4 /* Main.storyboard */; };
		DD77CDCA206A90E0006C07E4 /* Assets.xcassets in Resources */ = {isa = PBXBuildFile; fileRef = DD77CDC9206A90E0006C07E4 /* Assets.xcassets */; };
		DD77CDCD206A90E0006C07E4 /* LaunchScreen.storyboard in Resources */ = {isa = PBXBuildFile; fileRef = DD77CDCB206A90E0006C07E4 /* LaunchScreen.storyboard */; };
/* End PBXBuildFile section */

/* Begin PBXFileReference section */
		DD77CDBF206A90E0006C07E4 /* UIAccessibility-Medium.app */ = {isa = PBXFileReference; explicitFileType = wrapper.application; includeInIndex = 0; path = "UIAccessibility-Medium.app"; sourceTree = BUILT_PRODUCTS_DIR; };
		DD77CDC2206A90E0006C07E4 /* AppDelegate.swift */ = {isa = PBXFileReference; lastKnownFileType = sourcecode.swift; path = AppDelegate.swift; sourceTree = "<group>"; };
		DD77CDC4206A90E0006C07E4 /* ViewController.swift */ = {isa = PBXFileReference; lastKnownFileType = sourcecode.swift; path = ViewController.swift; sourceTree = "<group>"; };
		DD77CDC7206A90E0006C07E4 /* Base */ = {isa = PBXFileReference; lastKnownFileType = file.storyboard; name = Base; path = Base.lproj/Main.storyboard; sourceTree = "<group>"; };
		DD77CDC9206A90E0006C07E4 /* Assets.xcassets */ = {isa = PBXFileReference; lastKnownFileType = folder.assetcatalog; path = Assets.xcassets; sourceTree = "<group>"; };
		DD77CDCC206A90E0006C07E4 /* Base */ = {isa = PBXFileReference; lastKnownFileType = file.storyboard; name = Base; path = Base.lproj/LaunchScreen.storyboard; sourceTree = "<group>"; };
		DD77CDCE206A90E0006C07E4 /* Info.plist */ = {isa = PBXFileReference; lastKnownFileType = text.plist.xml; path = Info.plist; sourceTree = "<group>"; };
/* End PBXFileReference section */

/* Begin PBXFrameworksBuildPhase section */
		DD77CDBC206A90E0006C07E4 /* Frameworks */ = {
			isa = PBXFrameworksBuildPhase;
			buildActionMask = 2147483647;
			files = (
			);
			runOnlyForDeploymentPostprocessing = 0;
		};
/* End PBXFrameworksBuildPhase section */

/* Begin PBXGroup section */
		DD77CDB6206A90E0006C07E4 = {
			isa = PBXGroup;
			children = (
				DD77CDC1206A90E0006C07E4 /* UIAccessibility-Medium */,
				DD77CDC0206A90E0006C07E4 /* Products */,
			);
			sourceTree = "<group>";
		};
		DD77CDC0206A90E0006C07E4 /* Products */ = {
			isa = PBXGroup;
			children = (
				DD77CDBF206A90E0006C07E4 /* UIAccessibility-Medium.app */,
			);
			name = Products;
			sourceTree = "<group>";
		};
		DD77CDC1206A90E0006C07E4 /* UIAccessibility-Medium */ = {
			isa = PBXGroup;
			children = (
				DD77CDC2206A90E0006C07E4 /* AppDelegate.swift */,
				DD77CDC4206A90E0006C07E4 /* ViewController.swift */,
				DD77CDC6206A90E0006C07E4 /* Main.storyboard */,
				DD77CDC9206A90E0006C07E4 /* Assets.xcassets */,
				DD77CDCB206A90E0006C07E4 /* LaunchScreen.storyboard */,
				DD77CDCE206A90E0006C07E4 /* Info.plist */,
			);
			path = "UIAccessibility-Medium";
			sourceTree = "<group>";
		};
/* End PBXGroup section */

/* Begin PBXNativeTarget section */
		DD77CDBE206A90E0006C07E4 /* UIAccessibility-Medium */ = {
			isa = PBXNativeTarget;
			buildConfigurationList = DD77CDD1206A90E0006C07E4 /* Build configuration list for PBXNativeTarget "UIAccessibility-Medium" */;
			buildPhases = (
				DD77CDBB206A90E0006C07E4 /* Sources */,
				DD77CDBC206A90E0006C07E4 /* Frameworks */,
				DD77CDBD206A90E0006C07E4 /* Resources */,
			);
			buildRules = (
			);
			dependencies = (
			);
			name = "UIAccessibility-Medium";
			productName = "UIAccessibility-Medium";
			productReference = DD77CDBF206A90E0006C07E4 /* UIAccessibility-Medium.app */;
			productType = "com.apple.product-type.application";
		};
/* End PBXNativeTarget section */

/* Begin PBXProject section */
		DD77CDB7206A90E0006C07E4 /* Project object */ = {
			isa = PBXProject;
			attributes = {
				LastSwiftUpdateCheck = 0920;
				LastUpgradeCheck = 0920;
				ORGANIZATIONNAME = "Gustavo Severo";
				TargetAttributes = {
					DD77CDBE206A90E0006C07E4 = {
						CreatedOnToolsVersion = 9.2;
						ProvisioningStyle = Automatic;
					};
				};
			};
			buildConfigurationList = DD77CDBA206A90E0006C07E4 /* Build configuration list for PBXProject "UIAccessibility-Medium" */;
			compatibilityVersion = "Xcode 8.0";
			developmentRegion = en;
			hasScannedForEncodings = 0;
			knownRegions = (
				en,
				Base,
			);
			mainGroup = DD77CDB6206A90E0006C07E4;
			productRefGroup = DD77CDC0206A90E0006C07E4 /* Products */;
			projectDirPath = "";
			projectRoot = "";
			targets = (
				DD77CDBE206A90E0006C07E4 /* UIAccessibility-Medium */,
			);
		};
/* End PBXProject section */

/* Begin PBXResourcesBuildPhase section */
		DD77CDBD206A90E0006C07E4 /* Resources */ = {
			isa = PBXResourcesBuildPhase;
			buildActionMask = 2147483647;
			files = (
				DD77CDCD206A90E0006C07E4 /* LaunchScreen.storyboard in Resources */,
				DD77CDCA206A90E0006C07E4 /* Assets.xcassets in Resources */,
				DD77CDC8206A90E0006C07E4 /* Main.storyboard in Resources */,
			);
			runOnlyForDeploymentPostprocessing = 0;
		};
/* End PBXResourcesBuildPhase section */

/* Begin PBXSourcesBuildPhase section */
		DD77CDBB206A90E0006C07E4 /* Sources */ = {
			isa = PBXSourcesBuildPhase;
			buildActionMask = 2147483647;
			files = (
				DD77CDC5206A90E0006C07E4 /* ViewController.swift in Sources */,
				DD77CDC3206A90E0006C07E4 /* AppDelegate.swift in Sources */,
			);
			runOnlyForDeploymentPostprocessing = 0;
		};
/* End PBXSourcesBuildPhase section */

/* Begin PBXVariantGroup section */
		DD77CDC6206A90E0006C07E4 /* Main.storyboard */ = {
			isa = PBXVariantGroup;
			children = (
				DD77CDC7206A90E0006C07E4 /* Base */,
			);
			name = Main.storyboard;
			sourceTree = "<group>";
		};
		DD77CDCB206A90E0006C07E4 /* LaunchScreen.storyboard */ = {
			isa = PBXVariantGroup;
			children = (
				DD77CDCC206A90E0006C07E4 /* Base */,
			);
			name = LaunchScreen.storyboard;
			sourceTree = "<group>";
		};
/* End PBXVariantGroup section */

/* Begin XCBuildConfiguration section */
		DD77CDCF206A90E0006C07E4 /* Debug */ = {
			isa = XCBuildConfiguration;
			buildSettings = {
				ALWAYS_SEARCH_USER_PATHS = NO;
				CLANG_ANALYZER_NONNULL = YES;
				CLANG_ANALYZER_NUMBER_OBJECT_CONVERSION = YES_AGGRESSIVE;
				CLANG_CXX_LANGUAGE_STANDARD = "gnu++14";
				CLANG_CXX_LIBRARY = "libc++";
				CLANG_ENABLE_MODULES = YES;
				CLANG_ENABLE_OBJC_ARC = YES;
				CLANG_WARN_BLOCK_CAPTURE_AUTORELEASING = YES;
				CLANG_WARN_BOOL_CONVERSION = YES;
				CLANG_WARN_COMMA = YES;
				CLANG_WARN_CONSTANT_CONVERSION = YES;
				CLANG_WARN_DIRECT_OBJC_ISA_USAGE = YES_ERROR;
				CLANG_WARN_DOCUMENTATION_COMMENTS = YES;
				CLANG_WARN_EMPTY_BODY = YES;
				CLANG_WARN_ENUM_CONVERSION = YES;
				CLANG_WARN_INFINITE_RECURSION = YES;
				CLANG_WARN_INT_CONVERSION = YES;
				CLANG_WARN_NON_LITERAL_NULL_CONVERSION = YES;
				CLANG_WARN_OBJC_LITERAL_CONVERSION = YES;
				CLANG_WARN_OBJC_ROOT_CLASS = YES_ERROR;
				CLANG_WARN_RANGE_LOOP_ANALYSIS = YES;
				CLANG_WARN_STRICT_PROTOTYPES = YES;
				CLANG_WARN_SUSPICIOUS_MOVE = YES;
				CLANG_WARN_UNGUARDED_AVAILABILITY = YES_AGGRESSIVE;
				CLANG_WARN_UNREACHABLE_CODE = YES;
				CLANG_WARN__DUPLICATE_METHOD_MATCH = YES;
				CODE_SIGN_IDENTITY = "iPhone Developer";
				COPY_PHASE_STRIP = NO;
				DEBUG_INFORMATION_FORMAT = dwarf;
				ENABLE_STRICT_OBJC_MSGSEND = YES;
				ENABLE_TESTABILITY = YES;
				GCC_C_LANGUAGE_STANDARD = gnu11;
				GCC_DYNAMIC_NO_PIC = NO;
				GCC_NO_COMMON_BLOCKS = YES;
				GCC_OPTIMIZATION_LEVEL = 0;
				GCC_PREPROCESSOR_DEFINITIONS = (
					"DEBUG=1",
					"$(inherited)",
				);
				GCC_WARN_64_TO_32_BIT_CONVERSION = YES;
				GCC_WARN_ABOUT_RETURN_TYPE = YES_ERROR;
				GCC_WARN_UNDECLARED_SELECTOR = YES;
				GCC_WARN_UNINITIALIZED_AUTOS = YES_AGGRESSIVE;
				GCC_WARN_UNUSED_FUNCTION = YES;
				GCC_WARN_UNUSED_VARIABLE = YES;
				IPHONEOS_DEPLOYMENT_TARGET = 11.2;
				MTL_ENABLE_DEBUG_INFO = YES;
				ONLY_ACTIVE_ARCH = YES;
				SDKROOT = iphoneos;
				SWIFT_ACTIVE_COMPILATION_CONDITIONS = DEBUG;
				SWIFT_OPTIMIZATION_LEVEL = "-Onone";
			};
			name = Debug;
		};
		DD77CDD0206A90E0006C07E4 /* Release */ = {
			isa = XCBuildConfiguration;
			buildSettings = {
				ALWAYS_SEARCH_USER_PATHS = NO;
				CLANG_ANALYZER_NONNULL = YES;
				CLANG_ANALYZER_NUMBER_OBJECT_CONVERSION = YES_AGGRESSIVE;
				CLANG_CXX_LANGUAGE_STANDARD = "gnu++14";
				CLANG_CXX_LIBRARY = "libc++";
				CLANG_ENABLE_MODULES = YES;
				CLANG_ENABLE_OBJC_ARC = YES;
				CLANG_WARN_BLOCK_CAPTURE_AUTORELEASING = YES;
				CLANG_WARN_BOOL_CONVERSION = YES;
				CLANG_WARN_COMMA = YES;
				CLANG_WARN_CONSTANT_CONVERSION = YES;
				CLANG_WARN_DIRECT_OBJC_ISA_USAGE = YES_ERROR;
				CLANG_WARN_DOCUMENTATION_COMMENTS = YES;
				CLANG_WARN_EMPTY_BODY = YES;
				CLANG_WARN_ENUM_CONVERSION = YES;
				CLANG_WARN_INFINITE_RECURSION = YES;
				CLANG_WARN_INT_CONVERSION = YES;
				CLANG_WARN_NON_LITERAL_NULL_CONVERSION = YES;
				CLANG_WARN_OBJC_LITERAL_CONVERSION = YES;
				CLANG_WARN_OBJC_ROOT_CLASS = YES_ERROR;
				CLANG_WARN_RANGE_LOOP_ANALYSIS = YES;
				CLANG_WARN_STRICT_PROTOTYPES = YES;
				CLANG_WARN_SUSPICIOUS_MOVE = YES;
				CLANG_WARN_UNGUARDED_AVAILABILITY = YES_AGGRESSIVE;
				CLANG_WARN_UNREACHABLE_CODE = YES;
				CLANG_WARN__DUPLICATE_METHOD_MATCH = YES;
				CODE_SIGN_IDENTITY = "iPhone Developer";
				COPY_PHASE_STRIP = NO;
				DEBUG_INFORMATION_FORMAT = "dwarf-with-dsym";
				ENABLE_NS_ASSERTIONS = NO;
				ENABLE_STRICT_OBJC_MSGSEND = YES;
				GCC_C_LANGUAGE_STANDARD = gnu11;
				GCC_NO_COMMON_BLOCKS = YES;
				GCC_WARN_64_TO_32_BIT_CONVERSION = YES;
				GCC_WARN_ABOUT_RETURN_TYPE = YES_ERROR;
				GCC_WARN_UNDECLARED_SELECTOR = YES;
				GCC_WARN_UNINITIALIZED_AUTOS = YES_AGGRESSIVE;
				GCC_WARN_UNUSED_FUNCTION = YES;
				GCC_WARN_UNUSED_VARIABLE = YES;
				IPHONEOS_DEPLOYMENT_TARGET = 11.2;
				MTL_ENABLE_DEBUG_INFO = NO;
				SDKROOT = iphoneos;
				SWIFT_OPTIMIZATION_LEVEL = "-Owholemodule";
				VALIDATE_PRODUCT = YES;
			};
			name = Release;
		};
		DD77CDD2206A90E0006C07E4 /* Debug */ = {
			isa = XCBuildConfiguration;
			buildSettings = {
				ASSETCATALOG_COMPILER_APPICON_NAME = AppIcon;
				CODE_SIGN_STYLE = Automatic;
				DEVELOPMENT_TEAM = N8MAFJDDC5;
				INFOPLIST_FILE = "UIAccessibility-Medium/Info.plist";
				IPHONEOS_DEPLOYMENT_TARGET = 11.0;
				LD_RUNPATH_SEARCH_PATHS = "$(inherited) @executable_path/Frameworks";
				PRODUCT_BUNDLE_IDENTIFIER = "com.GustavoSevero.UIAccessibility-Medium";
				PRODUCT_NAME = "$(TARGET_NAME)";
				SWIFT_VERSION = 4.0;
				TARGETED_DEVICE_FAMILY = "1,2";
			};
			name = Debug;
		};
		DD77CDD3206A90E0006C07E4 /* Release */ = {
			isa = XCBuildConfiguration;
			buildSettings = {
				ASSETCATALOG_COMPILER_APPICON_NAME = AppIcon;
				CODE_SIGN_STYLE = Automatic;
				DEVELOPMENT_TEAM = N8MAFJDDC5;
				INFOPLIST_FILE = "UIAccessibility-Medium/Info.plist";
				IPHONEOS_DEPLOYMENT_TARGET = 11.0;
				LD_RUNPATH_SEARCH_PATHS = "$(inherited) @executable_path/Frameworks";
				PRODUCT_BUNDLE_IDENTIFIER = "com.GustavoSevero.UIAccessibility-Medium";
				PRODUCT_NAME = "$(TARGET_NAME)";
				SWIFT_VERSION = 4.0;
				TARGETED_DEVICE_FAMILY = "1,2";
			};
			name = Release;
		};
/* End XCBuildConfiguration section */

/* Begin XCConfigurationList section */
		DD77CDBA206A90E0006C07E4 /* Build configuration list for PBXProject "UIAccessibility-Medium" */ = {
			isa = XCConfigurationList;
			buildConfigurations = (
				DD77CDCF206A90E0006C07E4 /* Debug */,
				DD77CDD0206A90E0006C07E4 /* Release */,
			);
			defaultConfigurationIsVisible = 0;
			defaultConfigurationName = Release;
		};
		DD77CDD1206A90E0006C07E4 /* Build configuration list for PBXNativeTarget "UIAccessibility-Medium" */ = {
			isa = XCConfigurationList;
			buildConfigurations = (
				DD77CDD2206A90E0006C07E4 /* Debug */,
				DD77CDD3206A90E0006C07E4 /* Release */,
			);
			defaultConfigurationIsVisible = 0;
			defaultConfigurationName = Release;
		};
/* End XCConfigurationList section */
	};
	rootObject = DD77CDB7206A90E0006C07E4 /* Project object */;
}
